
Microsoft Visual Studio Solution File, Format Version 12.00
# Visual Studio Version 17
VisualStudioVersion = 17.8.34511.84
MinimumVisualStudioVersion = 10.0.40219.1
Project("{9A19103F-16F7-4668-BE54-9A1E7A4F7556}") = "ModbusDemo", "HelloWorld\ModbusDemo.csproj", "{91795145-DE50-4BB1-94A0-E87F34AAD5FE}"
EndProject
Global
	GlobalSection(SolutionConfigurationPlatforms) = preSolution
		Debug|Any CPU = Debug|Any CPU
		Release|Any CPU = Release|Any CPU
	EndGlobalSection
	GlobalSection(ProjectConfigurationPlatforms) = postSolution
		{91795145-DE50-4BB1-94A0-E87F34AAD5FE}.Debug|Any CPU.ActiveCfg = Debug|Any CPU
		{91795145-DE50-4BB1-94A0-E87F34AAD5FE}.Debug|Any CPU.Build.0 = Debug|Any CPU
		{91795145-DE50-4BB1-94A0-E87F34AAD5FE}.Release|Any CPU.ActiveCfg = Release|Any CPU
		{91795145-DE50-4BB1-94A0-E87F34AAD5FE}.Release|Any CPU.Build.0 = Release|Any CPU
	EndGlobalSection
	GlobalSection(SolutionProperties) = preSolution
		HideSolutionNode = FALSE
	EndGlobalSection
	GlobalSection(ExtensibilityGlobals) = postSolution
		SolutionGuid = {C43C81DE-605F-4CE9-A0A6-54505F4C6A9F}
	EndGlobalSection
EndGlobal
